
Microsoft Visual Studio Solution File, Format Version 12.00
# Visual Studio 2017
Project("{FAE04EC0-301F-11D3-BF4B-00C04F79EFBC}") = "Tele-Presence-Unity", "Tele-Presence-Unity.csproj", "{1B6497C5-733C-3011-C0A8-AFDB748EA98D}"
EndProject
Project("{FAE04EC0-301F-11D3-BF4B-00C04F79EFBC}") = "Tele-Presence-Unity.Plugins", "Tele-Presence-Unity.Plugins.csproj", "{2D63E426-BC6A-9E94-A227-358BC0EDDF19}"
EndProject
Project("{FAE04EC0-301F-11D3-BF4B-00C04F79EFBC}") = "Tele-Presence-Unity.Editor", "Tele-Presence-Unity.Editor.csproj", "{2733291C-8A5C-867A-D1DD-2DBFDF09042B}"
EndProject
Global
	GlobalSection(SolutionConfigurationPlatforms) = preSolution
		Debug|Any CPU = Debug|Any CPU
		Release|Any CPU = Release|Any CPU
	EndGlobalSection
	GlobalSection(ProjectConfigurationPlatforms) = postSolution
		{1B6497C5-733C-3011-C0A8-AFDB748EA98D}.Debug|Any CPU.ActiveCfg = Debug|Any CPU
		{1B6497C5-733C-3011-C0A8-AFDB748EA98D}.Debug|Any CPU.Build.0 = Debug|Any CPU
		{1B6497C5-733C-3011-C0A8-AFDB748EA98D}.Release|Any CPU.ActiveCfg = Release|Any CPU
		{1B6497C5-733C-3011-C0A8-AFDB748EA98D}.Release|Any CPU.Build.0 = Release|Any CPU
		{2D63E426-BC6A-9E94-A227-358BC0EDDF19}.Debug|Any CPU.ActiveCfg = Debug|Any CPU
		{2D63E426-BC6A-9E94-A227-358BC0EDDF19}.Debug|Any CPU.Build.0 = Debug|Any CPU
		{2D63E426-BC6A-9E94-A227-358BC0EDDF19}.Release|Any CPU.ActiveCfg = Release|Any CPU
		{2D63E426-BC6A-9E94-A227-358BC0EDDF19}.Release|Any CPU.Build.0 = Release|Any CPU
		{2733291C-8A5C-867A-D1DD-2DBFDF09042B}.Debug|Any CPU.ActiveCfg = Debug|Any CPU
		{2733291C-8A5C-867A-D1DD-2DBFDF09042B}.Debug|Any CPU.Build.0 = Debug|Any CPU
		{2733291C-8A5C-867A-D1DD-2DBFDF09042B}.Release|Any CPU.ActiveCfg = Release|Any CPU
		{2733291C-8A5C-867A-D1DD-2DBFDF09042B}.Release|Any CPU.Build.0 = Release|Any CPU
	EndGlobalSection
	GlobalSection(SolutionProperties) = preSolution
		HideSolutionNode = FALSE
	EndGlobalSection
EndGlobal
