
Microsoft Visual Studio Solution File, Format Version 12.00
# Visual Studio 14
VisualStudioVersion = 14.0.22512.0
MinimumVisualStudioVersion = 10.0.40219.1
Project("{FAE04EC0-301F-11D3-BF4B-00C04F79EFBC}") = "Tele-Presence", "Tele-Presence\Tele-Presence.csproj", "{13A45C13-3265-47B8-BC48-A553B569DF55}"
		{a318bdf9-c47a-446d-93c4-bf033d83f57d} = {a318bdf9-c47a-446d-93c4-bf033d83f57d}
		{6d32d3ac-e042-4c79-96b9-7c9d28fc3415} = {6d32d3ac-e042-4c79-96b9-7c9d28fc3415}
EndProject
Project("{FAE04EC0-301F-11D3-BF4B-00C04F79EFBC}") = "Assembly-CSharp", "C:\Users\rohit\Desktop\Unity Projects\Hololens\Tele-Presence\telepresence\Tele-Presence-Unity\Tele-Presence\GeneratedProjects\UWP\Assembly-CSharp\Assembly-CSharp.csproj", "{a318bdf9-c47a-446d-93c4-bf033d83f57d}"
EndProject
Project("{FAE04EC0-301F-11D3-BF4B-00C04F79EFBC}") = "Assembly-CSharp-firstpass", "C:\Users\rohit\Desktop\Unity Projects\Hololens\Tele-Presence\telepresence\Tele-Presence-Unity\Tele-Presence\GeneratedProjects\UWP\Assembly-CSharp-firstpass\Assembly-CSharp-firstpass.csproj", "{6d32d3ac-e042-4c79-96b9-7c9d28fc3415}"
EndProject
Global
	GlobalSection(SolutionConfigurationPlatforms) = preSolution
		Debug|ARM = Debug|ARM
		Debug|x64 = Debug|x64
		Debug|x86 = Debug|x86
		Master|ARM = Master|ARM
		Master|x64 = Master|x64
		Master|x86 = Master|x86
		Release|ARM = Release|ARM
		Release|x64 = Release|x64
		Release|x86 = Release|x86
	EndGlobalSection
	GlobalSection(ProjectConfigurationPlatforms) = postSolution
		{13A45C13-3265-47B8-BC48-A553B569DF55}.Debug|ARM.ActiveCfg = Debug|ARM
		{13A45C13-3265-47B8-BC48-A553B569DF55}.Debug|ARM.Build.0 = Debug|ARM
		{13A45C13-3265-47B8-BC48-A553B569DF55}.Debug|ARM.Deploy.0 = Debug|ARM
		{13A45C13-3265-47B8-BC48-A553B569DF55}.Debug|x64.ActiveCfg = Debug|x64
		{13A45C13-3265-47B8-BC48-A553B569DF55}.Debug|x64.Build.0 = Debug|x64
		{13A45C13-3265-47B8-BC48-A553B569DF55}.Debug|x64.Deploy.0 = Debug|x64
		{13A45C13-3265-47B8-BC48-A553B569DF55}.Debug|x86.ActiveCfg = Debug|x86
		{13A45C13-3265-47B8-BC48-A553B569DF55}.Debug|x86.Build.0 = Debug|x86
		{13A45C13-3265-47B8-BC48-A553B569DF55}.Debug|x86.Deploy.0 = Debug|x86
		{13A45C13-3265-47B8-BC48-A553B569DF55}.Master|ARM.ActiveCfg = Master|ARM
		{13A45C13-3265-47B8-BC48-A553B569DF55}.Master|ARM.Build.0 = Master|ARM
		{13A45C13-3265-47B8-BC48-A553B569DF55}.Master|ARM.Deploy.0 = Master|ARM
		{13A45C13-3265-47B8-BC48-A553B569DF55}.Master|x64.ActiveCfg = Master|x64
		{13A45C13-3265-47B8-BC48-A553B569DF55}.Master|x64.Build.0 = Master|x64
		{13A45C13-3265-47B8-BC48-A553B569DF55}.Master|x64.Deploy.0 = Master|x64
		{13A45C13-3265-47B8-BC48-A553B569DF55}.Master|x86.ActiveCfg = Master|x86
		{13A45C13-3265-47B8-BC48-A553B569DF55}.Master|x86.Build.0 = Master|x86
		{13A45C13-3265-47B8-BC48-A553B569DF55}.Master|x86.Deploy.0 = Master|x86
		{13A45C13-3265-47B8-BC48-A553B569DF55}.Release|ARM.ActiveCfg = Release|ARM
		{13A45C13-3265-47B8-BC48-A553B569DF55}.Release|ARM.Build.0 = Release|ARM
		{13A45C13-3265-47B8-BC48-A553B569DF55}.Release|ARM.Deploy.0 = Release|ARM
		{13A45C13-3265-47B8-BC48-A553B569DF55}.Release|x64.ActiveCfg = Release|x64
		{13A45C13-3265-47B8-BC48-A553B569DF55}.Release|x64.Build.0 = Release|x64
		{13A45C13-3265-47B8-BC48-A553B569DF55}.Release|x64.Deploy.0 = Release|x64
		{13A45C13-3265-47B8-BC48-A553B569DF55}.Release|x86.ActiveCfg = Release|x86
		{13A45C13-3265-47B8-BC48-A553B569DF55}.Release|x86.Build.0 = Release|x86
		{13A45C13-3265-47B8-BC48-A553B569DF55}.Release|x86.Deploy.0 = Release|x86
		{a318bdf9-c47a-446d-93c4-bf033d83f57d}.Debug|x86.ActiveCfg = Debug|x86
		{a318bdf9-c47a-446d-93c4-bf033d83f57d}.Debug|x86.Build.0 = Debug|x86
		{a318bdf9-c47a-446d-93c4-bf033d83f57d}.Release|x86.ActiveCfg = Release|x86
		{a318bdf9-c47a-446d-93c4-bf033d83f57d}.Release|x86.Build.0 = Release|x86
		{a318bdf9-c47a-446d-93c4-bf033d83f57d}.Master|x86.ActiveCfg = Master|x86
		{a318bdf9-c47a-446d-93c4-bf033d83f57d}.Master|x86.Build.0 = Master|x86
		{a318bdf9-c47a-446d-93c4-bf033d83f57d}.Debug|x64.ActiveCfg = Debug|x64
		{a318bdf9-c47a-446d-93c4-bf033d83f57d}.Debug|x64.Build.0 = Debug|x64
		{a318bdf9-c47a-446d-93c4-bf033d83f57d}.Release|x64.ActiveCfg = Release|x64
		{a318bdf9-c47a-446d-93c4-bf033d83f57d}.Release|x64.Build.0 = Release|x64
		{a318bdf9-c47a-446d-93c4-bf033d83f57d}.Master|x64.ActiveCfg = Master|x64
		{a318bdf9-c47a-446d-93c4-bf033d83f57d}.Master|x64.Build.0 = Master|x64
		{a318bdf9-c47a-446d-93c4-bf033d83f57d}.Debug|ARM.ActiveCfg = Debug|ARM
		{a318bdf9-c47a-446d-93c4-bf033d83f57d}.Debug|ARM.Build.0 = Debug|ARM
		{a318bdf9-c47a-446d-93c4-bf033d83f57d}.Release|ARM.ActiveCfg = Release|ARM
		{a318bdf9-c47a-446d-93c4-bf033d83f57d}.Release|ARM.Build.0 = Release|ARM
		{a318bdf9-c47a-446d-93c4-bf033d83f57d}.Master|ARM.ActiveCfg = Master|ARM
		{a318bdf9-c47a-446d-93c4-bf033d83f57d}.Master|ARM.Build.0 = Master|ARM
		{6d32d3ac-e042-4c79-96b9-7c9d28fc3415}.Debug|x86.ActiveCfg = Debug|x86
		{6d32d3ac-e042-4c79-96b9-7c9d28fc3415}.Debug|x86.Build.0 = Debug|x86
		{6d32d3ac-e042-4c79-96b9-7c9d28fc3415}.Release|x86.ActiveCfg = Release|x86
		{6d32d3ac-e042-4c79-96b9-7c9d28fc3415}.Release|x86.Build.0 = Release|x86
		{6d32d3ac-e042-4c79-96b9-7c9d28fc3415}.Master|x86.ActiveCfg = Master|x86
		{6d32d3ac-e042-4c79-96b9-7c9d28fc3415}.Master|x86.Build.0 = Master|x86
		{6d32d3ac-e042-4c79-96b9-7c9d28fc3415}.Debug|ARM.ActiveCfg = Debug|ARM
		{6d32d3ac-e042-4c79-96b9-7c9d28fc3415}.Debug|ARM.Build.0 = Debug|ARM
		{6d32d3ac-e042-4c79-96b9-7c9d28fc3415}.Release|ARM.ActiveCfg = Release|ARM
		{6d32d3ac-e042-4c79-96b9-7c9d28fc3415}.Release|ARM.Build.0 = Release|ARM
		{6d32d3ac-e042-4c79-96b9-7c9d28fc3415}.Master|ARM.ActiveCfg = Master|ARM
		{6d32d3ac-e042-4c79-96b9-7c9d28fc3415}.Master|ARM.Build.0 = Master|ARM
 EndGlobalSection
	GlobalSection(SolutionProperties) = preSolution
		HideSolutionNode = FALSE
	EndGlobalSection
EndGlobal
